// !$*UTF8*$!
{
	archiveVersion = 1;
	classes = {
	};
	objectVersion = 46;
	objects = {

/* Begin PBXBuildFile section */
		A7FE07A274404C372B16737E /* Pods_DsDiary.framework in Frameworks */ = {isa = PBXBuildFile; fileRef = 08526625DD04265CCE639381 /* Pods_DsDiary.framework */; };
		C0238F9F1BFAFF1F00015811 /* Diary.swift in Sources */ = {isa = PBXBuildFile; fileRef = C0238F9E1BFAFF1F00015811 /* Diary.swift */; };
		C0238FBF1BFC276D00015811 /* DiaryTableViewCell.xib in Resources */ = {isa = PBXBuildFile; fileRef = C0238FC11BFC276D00015811 /* DiaryTableViewCell.xib */; };
		C0238FC51BFC285300015811 /* InfoPlist.strings in Resources */ = {isa = PBXBuildFile; fileRef = C0238FC71BFC285300015811 /* InfoPlist.strings */; };
		C0734B7E1BF5ABED00C39277 /* AppDelegate.swift in Sources */ = {isa = PBXBuildFile; fileRef = C0734B7D1BF5ABED00C39277 /* AppDelegate.swift */; };
		C0734B801BF5ABED00C39277 /* ViewController.swift in Sources */ = {isa = PBXBuildFile; fileRef = C0734B7F1BF5ABED00C39277 /* ViewController.swift */; };
		C0734B831BF5ABED00C39277 /* Main.storyboard in Resources */ = {isa = PBXBuildFile; fileRef = C0734B811BF5ABED00C39277 /* Main.storyboard */; };
		C0734B861BF5ABED00C39277 /* DsDiary.xcdatamodeld in Sources */ = {isa = PBXBuildFile; fileRef = C0734B841BF5ABED00C39277 /* DsDiary.xcdatamodeld */; };
		C0734B881BF5ABED00C39277 /* Assets.xcassets in Resources */ = {isa = PBXBuildFile; fileRef = C0734B871BF5ABED00C39277 /* Assets.xcassets */; };
		C0734B8B1BF5ABED00C39277 /* LaunchScreen.storyboard in Resources */ = {isa = PBXBuildFile; fileRef = C0734B891BF5ABED00C39277 /* LaunchScreen.storyboard */; };
		C0E9AD111BF5B0150052D9E5 /* UIColorAdditions.swift in Sources */ = {isa = PBXBuildFile; fileRef = C0E9AD101BF5B0150052D9E5 /* UIColorAdditions.swift */; };
		C0E9AD151BF5B4A70052D9E5 /* DiaryTableViewCell.swift in Sources */ = {isa = PBXBuildFile; fileRef = C0E9AD131BF5B4A70052D9E5 /* DiaryTableViewCell.swift */; };
		C0E9AD191BF5C1E60052D9E5 /* DiaryViewController.swift in Sources */ = {isa = PBXBuildFile; fileRef = C0E9AD181BF5C1E60052D9E5 /* DiaryViewController.swift */; };
		C0E9AD1C1BF5CEF10052D9E5 /* Weathers.swift in Sources */ = {isa = PBXBuildFile; fileRef = C0E9AD1B1BF5CEF10052D9E5 /* Weathers.swift */; };
		C0E9AD1E1BF5D42F0052D9E5 /* WeatherCollectionViewController.swift in Sources */ = {isa = PBXBuildFile; fileRef = C0E9AD1D1BF5D42F0052D9E5 /* WeatherCollectionViewController.swift */; };
		C0E9AD201BF5D47A0052D9E5 /* WeatherCollectionViewCell.swift in Sources */ = {isa = PBXBuildFile; fileRef = C0E9AD1F1BF5D47A0052D9E5 /* WeatherCollectionViewCell.swift */; };
		C0E9AD221BF5D75A0052D9E5 /* CalendarViewController.swift in Sources */ = {isa = PBXBuildFile; fileRef = C0E9AD211BF5D75A0052D9E5 /* CalendarViewController.swift */; };
		C0E9AD241BF87AF20052D9E5 /* IntAdditions.swift in Sources */ = {isa = PBXBuildFile; fileRef = C0E9AD231BF87AF20052D9E5 /* IntAdditions.swift */; };
/* End PBXBuildFile section */

/* Begin PBXFileReference section */
		08526625DD04265CCE639381 /* Pods_DsDiary.framework */ = {isa = PBXFileReference; explicitFileType = wrapper.framework; includeInIndex = 0; path = Pods_DsDiary.framework; sourceTree = BUILT_PRODUCTS_DIR; };
		6A285D42BEB89738C0470839 /* Pods-DsDiary.release.xcconfig */ = {isa = PBXFileReference; includeInIndex = 1; lastKnownFileType = text.xcconfig; name = "Pods-DsDiary.release.xcconfig"; path = "Pods/Target Support Files/Pods-DsDiary/Pods-DsDiary.release.xcconfig"; sourceTree = "<group>"; };
		B1D0AA8B919C07C3F60AA8A4 /* Pods-DsDiary.debug.xcconfig */ = {isa = PBXFileReference; includeInIndex = 1; lastKnownFileType = text.xcconfig; name = "Pods-DsDiary.debug.xcconfig"; path = "Pods/Target Support Files/Pods-DsDiary/Pods-DsDiary.debug.xcconfig"; sourceTree = "<group>"; };
		C0238F9E1BFAFF1F00015811 /* Diary.swift */ = {isa = PBXFileReference; fileEncoding = 4; lastKnownFileType = sourcecode.swift; path = Diary.swift; sourceTree = "<group>"; };
		C0238FC21BFC277000015811 /* Base */ = {isa = PBXFileReference; lastKnownFileType = file.xib; name = Base; path = Base.lproj/DiaryTableViewCell.xib; sourceTree = "<group>"; };
		C0238FC61BFC285300015811 /* Base */ = {isa = PBXFileReference; lastKnownFileType = text.plist.strings; name = Base; path = Base.lproj/InfoPlist.strings; sourceTree = "<group>"; };
		C0238FC91BFC28E300015811 /* en */ = {isa = PBXFileReference; lastKnownFileType = text.plist.strings; name = en; path = en.lproj/InfoPlist.strings; sourceTree = "<group>"; };
		C0238FCA1BFC291F00015811 /* zh-Hans */ = {isa = PBXFileReference; lastKnownFileType = text.plist.strings; name = "zh-Hans"; path = "zh-Hans.lproj/InfoPlist.strings"; sourceTree = "<group>"; };
		C0238FCC1BFC293000015811 /* en */ = {isa = PBXFileReference; lastKnownFileType = text.plist.strings; name = en; path = en.lproj/DiaryTableViewCell.strings; sourceTree = "<group>"; };
		C0238FCE1BFC293200015811 /* zh-Hans */ = {isa = PBXFileReference; lastKnownFileType = text.plist.strings; name = "zh-Hans"; path = "zh-Hans.lproj/DiaryTableViewCell.strings"; sourceTree = "<group>"; };
		C0238FD01BFC294000015811 /* en */ = {isa = PBXFileReference; lastKnownFileType = text.plist.strings; name = en; path = en.lproj/Main.strings; sourceTree = "<group>"; };
		C0238FD11BFC294500015811 /* zh-Hans */ = {isa = PBXFileReference; lastKnownFileType = text.plist.strings; name = "zh-Hans"; path = "zh-Hans.lproj/Main.strings"; sourceTree = "<group>"; };
		C0238FD31BFC294D00015811 /* en */ = {isa = PBXFileReference; lastKnownFileType = text.plist.strings; name = en; path = en.lproj/LaunchScreen.strings; sourceTree = "<group>"; };
		C0238FD41BFC294F00015811 /* zh-Hans */ = {isa = PBXFileReference; lastKnownFileType = text.plist.strings; name = "zh-Hans"; path = "zh-Hans.lproj/LaunchScreen.strings"; sourceTree = "<group>"; };
		C0734B7A1BF5ABED00C39277 /* DsDiary.app */ = {isa = PBXFileReference; explicitFileType = wrapper.application; includeInIndex = 0; path = DsDiary.app; sourceTree = BUILT_PRODUCTS_DIR; };
		C0734B7D1BF5ABED00C39277 /* AppDelegate.swift */ = {isa = PBXFileReference; lastKnownFileType = sourcecode.swift; path = AppDelegate.swift; sourceTree = "<group>"; };
		C0734B7F1BF5ABED00C39277 /* ViewController.swift */ = {isa = PBXFileReference; lastKnownFileType = sourcecode.swift; path = ViewController.swift; sourceTree = "<group>"; };
		C0734B821BF5ABED00C39277 /* Base */ = {isa = PBXFileReference; lastKnownFileType = file.storyboard; name = Base; path = Base.lproj/Main.storyboard; sourceTree = "<group>"; };
		C0734B851BF5ABED00C39277 /* DsDiary.xcdatamodel */ = {isa = PBXFileReference; lastKnownFileType = wrapper.xcdatamodel; path = DsDiary.xcdatamodel; sourceTree = "<group>"; };
		C0734B871BF5ABED00C39277 /* Assets.xcassets */ = {isa = PBXFileReference; lastKnownFileType = folder.assetcatalog; path = Assets.xcassets; sourceTree = "<group>"; };
		C0734B8A1BF5ABED00C39277 /* Base */ = {isa = PBXFileReference; lastKnownFileType = file.storyboard; name = Base; path = Base.lproj/LaunchScreen.storyboard; sourceTree = "<group>"; };
		C0734B8C1BF5ABED00C39277 /* Info.plist */ = {isa = PBXFileReference; lastKnownFileType = text.plist.xml; path = Info.plist; sourceTree = "<group>"; };
		C0E9AD101BF5B0150052D9E5 /* UIColorAdditions.swift */ = {isa = PBXFileReference; fileEncoding = 4; lastKnownFileType = sourcecode.swift; path = UIColorAdditions.swift; sourceTree = "<group>"; };
		C0E9AD131BF5B4A70052D9E5 /* DiaryTableViewCell.swift */ = {isa = PBXFileReference; fileEncoding = 4; lastKnownFileType = sourcecode.swift; path = DiaryTableViewCell.swift; sourceTree = "<group>"; };
		C0E9AD181BF5C1E60052D9E5 /* DiaryViewController.swift */ = {isa = PBXFileReference; fileEncoding = 4; lastKnownFileType = sourcecode.swift; path = DiaryViewController.swift; sourceTree = "<group>"; };
		C0E9AD1B1BF5CEF10052D9E5 /* Weathers.swift */ = {isa = PBXFileReference; fileEncoding = 4; lastKnownFileType = sourcecode.swift; path = Weathers.swift; sourceTree = "<group>"; };
		C0E9AD1D1BF5D42F0052D9E5 /* WeatherCollectionViewController.swift */ = {isa = PBXFileReference; fileEncoding = 4; lastKnownFileType = sourcecode.swift; path = WeatherCollectionViewController.swift; sourceTree = "<group>"; };
		C0E9AD1F1BF5D47A0052D9E5 /* WeatherCollectionViewCell.swift */ = {isa = PBXFileReference; fileEncoding = 4; lastKnownFileType = sourcecode.swift; path = WeatherCollectionViewCell.swift; sourceTree = "<group>"; };
		C0E9AD211BF5D75A0052D9E5 /* CalendarViewController.swift */ = {isa = PBXFileReference; fileEncoding = 4; lastKnownFileType = sourcecode.swift; path = CalendarViewController.swift; sourceTree = "<group>"; };
		C0E9AD231BF87AF20052D9E5 /* IntAdditions.swift */ = {isa = PBXFileReference; fileEncoding = 4; lastKnownFileType = sourcecode.swift; path = IntAdditions.swift; sourceTree = "<group>"; };
/* End PBXFileReference section */

/* Begin PBXFrameworksBuildPhase section */
		C0734B771BF5ABED00C39277 /* Frameworks */ = {
			isa = PBXFrameworksBuildPhase;
			buildActionMask = 2147483647;
			files = (
				A7FE07A274404C372B16737E /* Pods_DsDiary.framework in Frameworks */,
			);
			runOnlyForDeploymentPostprocessing = 0;
		};
/* End PBXFrameworksBuildPhase section */

/* Begin PBXGroup section */
		B2533CB07B37BD77006416A3 /* Pods */ = {
			isa = PBXGroup;
			children = (
				B1D0AA8B919C07C3F60AA8A4 /* Pods-DsDiary.debug.xcconfig */,
				6A285D42BEB89738C0470839 /* Pods-DsDiary.release.xcconfig */,
			);
			name = Pods;
			sourceTree = "<group>";
		};
		BC429F5ABD0D8D29C45CDB59 /* Frameworks */ = {
			isa = PBXGroup;
			children = (
				08526625DD04265CCE639381 /* Pods_DsDiary.framework */,
			);
			name = Frameworks;
			sourceTree = "<group>";
		};
		C0238F9D1BFAFF0300015811 /* models */ = {
			isa = PBXGroup;
			children = (
				C0238F9E1BFAFF1F00015811 /* Diary.swift */,
			);
			name = models;
			sourceTree = "<group>";
		};
		C0734B711BF5ABED00C39277 = {
			isa = PBXGroup;
			children = (
				C0734B7C1BF5ABED00C39277 /* DsDiary */,
				C0734B7B1BF5ABED00C39277 /* Products */,
				B2533CB07B37BD77006416A3 /* Pods */,
				BC429F5ABD0D8D29C45CDB59 /* Frameworks */,
			);
			sourceTree = "<group>";
		};
		C0734B7B1BF5ABED00C39277 /* Products */ = {
			isa = PBXGroup;
			children = (
				C0734B7A1BF5ABED00C39277 /* DsDiary.app */,
			);
			name = Products;
			sourceTree = "<group>";
		};
		C0734B7C1BF5ABED00C39277 /* DsDiary */ = {
			isa = PBXGroup;
			children = (
				C0238F9D1BFAFF0300015811 /* models */,
				C0E9AD1A1BF5CED40052D9E5 /* Enums */,
				C0E9AD171BF5C0B20052D9E5 /* View Controller */,
				C0E9AD0F1BF5AFCD0052D9E5 /* Extensions */,
				C0E9AD121BF5B4830052D9E5 /* View Cell */,
				C0734B7D1BF5ABED00C39277 /* AppDelegate.swift */,
				C0734B811BF5ABED00C39277 /* Main.storyboard */,
				C0734B871BF5ABED00C39277 /* Assets.xcassets */,
				C0734B891BF5ABED00C39277 /* LaunchScreen.storyboard */,
				C0734B8C1BF5ABED00C39277 /* Info.plist */,
				C0734B841BF5ABED00C39277 /* DsDiary.xcdatamodeld */,
				C0238FC71BFC285300015811 /* InfoPlist.strings */,
			);
			path = DsDiary;
			sourceTree = "<group>";
		};
		C0E9AD0F1BF5AFCD0052D9E5 /* Extensions */ = {
			isa = PBXGroup;
			children = (
				C0E9AD101BF5B0150052D9E5 /* UIColorAdditions.swift */,
				C0E9AD231BF87AF20052D9E5 /* IntAdditions.swift */,
			);
			name = Extensions;
			sourceTree = "<group>";
		};
		C0E9AD121BF5B4830052D9E5 /* View Cell */ = {
			isa = PBXGroup;
			children = (
				C0E9AD131BF5B4A70052D9E5 /* DiaryTableViewCell.swift */,
				C0238FC11BFC276D00015811 /* DiaryTableViewCell.xib */,
				C0E9AD1F1BF5D47A0052D9E5 /* WeatherCollectionViewCell.swift */,
			);
			name = "View Cell";
			sourceTree = "<group>";
		};
		C0E9AD171BF5C0B20052D9E5 /* View Controller */ = {
			isa = PBXGroup;
			children = (
				C0734B7F1BF5ABED00C39277 /* ViewController.swift */,
				C0E9AD181BF5C1E60052D9E5 /* DiaryViewController.swift */,
				C0E9AD1D1BF5D42F0052D9E5 /* WeatherCollectionViewController.swift */,
				C0E9AD211BF5D75A0052D9E5 /* CalendarViewController.swift */,
			);
			name = "View Controller";
			sourceTree = "<group>";
		};
		C0E9AD1A1BF5CED40052D9E5 /* Enums */ = {
			isa = PBXGroup;
			children = (
				C0E9AD1B1BF5CEF10052D9E5 /* Weathers.swift */,
			);
			name = Enums;
			sourceTree = "<group>";
		};
/* End PBXGroup section */

/* Begin PBXNativeTarget section */
		C0734B791BF5ABED00C39277 /* DsDiary */ = {
			isa = PBXNativeTarget;
			buildConfigurationList = C0734B8F1BF5ABED00C39277 /* Build configuration list for PBXNativeTarget "DsDiary" */;
			buildPhases = (
				207C4D4AF3571F74EDD9DEF6 /* Check Pods Manifest.lock */,
				C0734B761BF5ABED00C39277 /* Sources */,
				C0734B771BF5ABED00C39277 /* Frameworks */,
				C0734B781BF5ABED00C39277 /* Resources */,
				AF9906A319F9BA00F944E8AB /* Embed Pods Frameworks */,
				017C7A7E9E95F2B4D89E96FD /* Copy Pods Resources */,
			);
			buildRules = (
			);
			dependencies = (
			);
			name = DsDiary;
			productName = DsDiary;
			productReference = C0734B7A1BF5ABED00C39277 /* DsDiary.app */;
			productType = "com.apple.product-type.application";
		};
/* End PBXNativeTarget section */

/* Begin PBXProject section */
		C0734B721BF5ABED00C39277 /* Project object */ = {
			isa = PBXProject;
			attributes = {
				LastSwiftUpdateCheck = 0710;
				LastUpgradeCheck = 0710;
				ORGANIZATIONNAME = "___WANGDASHUI___";
				TargetAttributes = {
					C0734B791BF5ABED00C39277 = {
						CreatedOnToolsVersion = 7.1.1;
					};
				};
			};
			buildConfigurationList = C0734B751BF5ABED00C39277 /* Build configuration list for PBXProject "DsDiary" */;
			compatibilityVersion = "Xcode 3.2";
			developmentRegion = English;
			hasScannedForEncodings = 0;
			knownRegions = (
				en,
				Base,
				"zh-Hans",
			);
			mainGroup = C0734B711BF5ABED00C39277;
			productRefGroup = C0734B7B1BF5ABED00C39277 /* Products */;
			projectDirPath = "";
			projectRoot = "";
			targets = (
				C0734B791BF5ABED00C39277 /* DsDiary */,
			);
		};
/* End PBXProject section */

/* Begin PBXResourcesBuildPhase section */
		C0734B781BF5ABED00C39277 /* Resources */ = {
			isa = PBXResourcesBuildPhase;
			buildActionMask = 2147483647;
			files = (
				C0734B8B1BF5ABED00C39277 /* LaunchScreen.storyboard in Resources */,
				C0734B881BF5ABED00C39277 /* Assets.xcassets in Resources */,
				C0734B831BF5ABED00C39277 /* Main.storyboard in Resources */,
				C0238FBF1BFC276D00015811 /* DiaryTableViewCell.xib in Resources */,
				C0238FC51BFC285300015811 /* InfoPlist.strings in Resources */,
			);
			runOnlyForDeploymentPostprocessing = 0;
		};
/* End PBXResourcesBuildPhase section */

/* Begin PBXShellScriptBuildPhase section */
		017C7A7E9E95F2B4D89E96FD /* Copy Pods Resources */ = {
			isa = PBXShellScriptBuildPhase;
			buildActionMask = 2147483647;
			files = (
			);
			inputPaths = (
			);
			name = "Copy Pods Resources";
			outputPaths = (
			);
			runOnlyForDeploymentPostprocessing = 0;
			shellPath = /bin/sh;
			shellScript = "\"${SRCROOT}/Pods/Target Support Files/Pods-DsDiary/Pods-DsDiary-resources.sh\"\n";
			showEnvVarsInLog = 0;
		};
		207C4D4AF3571F74EDD9DEF6 /* Check Pods Manifest.lock */ = {
			isa = PBXShellScriptBuildPhase;
			buildActionMask = 2147483647;
			files = (
			);
			inputPaths = (
			);
			name = "Check Pods Manifest.lock";
			outputPaths = (
			);
			runOnlyForDeploymentPostprocessing = 0;
			shellPath = /bin/sh;
			shellScript = "diff \"${PODS_ROOT}/../Podfile.lock\" \"${PODS_ROOT}/Manifest.lock\" > /dev/null\nif [[ $? != 0 ]] ; then\n    cat << EOM\nerror: The sandbox is not in sync with the Podfile.lock. Run 'pod install' or update your CocoaPods installation.\nEOM\n    exit 1\nfi\n";
			showEnvVarsInLog = 0;
		};
		AF9906A319F9BA00F944E8AB /* Embed Pods Frameworks */ = {
			isa = PBXShellScriptBuildPhase;
			buildActionMask = 2147483647;
			files = (
			);
			inputPaths = (
			);
			name = "Embed Pods Frameworks";
			outputPaths = (
			);
			runOnlyForDeploymentPostprocessing = 0;
			shellPath = /bin/sh;
			shellScript = "\"${SRCROOT}/Pods/Target Support Files/Pods-DsDiary/Pods-DsDiary-frameworks.sh\"\n";
			showEnvVarsInLog = 0;
		};
/* End PBXShellScriptBuildPhase section */

/* Begin PBXSourcesBuildPhase section */
		C0734B761BF5ABED00C39277 /* Sources */ = {
			isa = PBXSourcesBuildPhase;
			buildActionMask = 2147483647;
			files = (
				C0E9AD221BF5D75A0052D9E5 /* CalendarViewController.swift in Sources */,
				C0E9AD201BF5D47A0052D9E5 /* WeatherCollectionViewCell.swift in Sources */,
				C0E9AD241BF87AF20052D9E5 /* IntAdditions.swift in Sources */,
				C0734B801BF5ABED00C39277 /* ViewController.swift in Sources */,
				C0E9AD151BF5B4A70052D9E5 /* DiaryTableViewCell.swift in Sources */,
				C0E9AD1C1BF5CEF10052D9E5 /* Weathers.swift in Sources */,
				C0E9AD1E1BF5D42F0052D9E5 /* WeatherCollectionViewController.swift in Sources */,
				C0E9AD111BF5B0150052D9E5 /* UIColorAdditions.swift in Sources */,
				C0734B861BF5ABED00C39277 /* DsDiary.xcdatamodeld in Sources */,
				C0E9AD191BF5C1E60052D9E5 /* DiaryViewController.swift in Sources */,
				C0734B7E1BF5ABED00C39277 /* AppDelegate.swift in Sources */,
				C0238F9F1BFAFF1F00015811 /* Diary.swift in Sources */,
			);
			runOnlyForDeploymentPostprocessing = 0;
		};
/* End PBXSourcesBuildPhase section */

/* Begin PBXVariantGroup section */
		C0238FC11BFC276D00015811 /* DiaryTableViewCell.xib */ = {
			isa = PBXVariantGroup;
			children = (
				C0238FC21BFC277000015811 /* Base */,
				C0238FCC1BFC293000015811 /* en */,
				C0238FCE1BFC293200015811 /* zh-Hans */,
			);
			name = DiaryTableViewCell.xib;
			sourceTree = "<group>";
		};
		C0238FC71BFC285300015811 /* InfoPlist.strings */ = {
			isa = PBXVariantGroup;
			children = (
				C0238FC61BFC285300015811 /* Base */,
				C0238FC91BFC28E300015811 /* en */,
				C0238FCA1BFC291F00015811 /* zh-Hans */,
			);
			name = InfoPlist.strings;
			sourceTree = "<group>";
		};
		C0734B811BF5ABED00C39277 /* Main.storyboard */ = {
			isa = PBXVariantGroup;
			children = (
				C0734B821BF5ABED00C39277 /* Base */,
				C0238FD01BFC294000015811 /* en */,
				C0238FD11BFC294500015811 /* zh-Hans */,
			);
			name = Main.storyboard;
			sourceTree = "<group>";
		};
		C0734B891BF5ABED00C39277 /* LaunchScreen.storyboard */ = {
			isa = PBXVariantGroup;
			children = (
				C0734B8A1BF5ABED00C39277 /* Base */,
				C0238FD31BFC294D00015811 /* en */,
				C0238FD41BFC294F00015811 /* zh-Hans */,
			);
			name = LaunchScreen.storyboard;
			sourceTree = "<group>";
		};
/* End PBXVariantGroup section */

/* Begin XCBuildConfiguration section */
		C0734B8D1BF5ABED00C39277 /* Debug */ = {
			isa = XCBuildConfiguration;
			buildSettings = {
				ALWAYS_SEARCH_USER_PATHS = NO;
				CLANG_CXX_LANGUAGE_STANDARD = "gnu++0x";
				CLANG_CXX_LIBRARY = "libc++";
				CLANG_ENABLE_MODULES = YES;
				CLANG_ENABLE_OBJC_ARC = YES;
				CLANG_WARN_BOOL_CONVERSION = YES;
				CLANG_WARN_CONSTANT_CONVERSION = YES;
				CLANG_WARN_DIRECT_OBJC_ISA_USAGE = YES_ERROR;
				CLANG_WARN_EMPTY_BODY = YES;
				CLANG_WARN_ENUM_CONVERSION = YES;
				CLANG_WARN_INT_CONVERSION = YES;
				CLANG_WARN_OBJC_ROOT_CLASS = YES_ERROR;
				CLANG_WARN_UNREACHABLE_CODE = YES;
				CLANG_WARN__DUPLICATE_METHOD_MATCH = YES;
				"CODE_SIGN_IDENTITY[sdk=iphoneos*]" = "iPhone Developer";
				COPY_PHASE_STRIP = NO;
				DEBUG_INFORMATION_FORMAT = dwarf;
				ENABLE_STRICT_OBJC_MSGSEND = YES;
				ENABLE_TESTABILITY = YES;
				GCC_C_LANGUAGE_STANDARD = gnu99;
				GCC_DYNAMIC_NO_PIC = NO;
				GCC_NO_COMMON_BLOCKS = YES;
				GCC_OPTIMIZATION_LEVEL = 0;
				GCC_PREPROCESSOR_DEFINITIONS = (
					"DEBUG=1",
					"$(inherited)",
				);
				GCC_WARN_64_TO_32_BIT_CONVERSION = YES;
				GCC_WARN_ABOUT_RETURN_TYPE = YES_ERROR;
				GCC_WARN_UNDECLARED_SELECTOR = YES;
				GCC_WARN_UNINITIALIZED_AUTOS = YES_AGGRESSIVE;
				GCC_WARN_UNUSED_FUNCTION = YES;
				GCC_WARN_UNUSED_VARIABLE = YES;
				IPHONEOS_DEPLOYMENT_TARGET = 9.1;
				MTL_ENABLE_DEBUG_INFO = YES;
				ONLY_ACTIVE_ARCH = YES;
				SDKROOT = iphoneos;
				SWIFT_OPTIMIZATION_LEVEL = "-Onone";
			};
			name = Debug;
		};
		C0734B8E1BF5ABED00C39277 /* Release */ = {
			isa = XCBuildConfiguration;
			buildSettings = {
				ALWAYS_SEARCH_USER_PATHS = NO;
				CLANG_CXX_LANGUAGE_STANDARD = "gnu++0x";
				CLANG_CXX_LIBRARY = "libc++";
				CLANG_ENABLE_MODULES = YES;
				CLANG_ENABLE_OBJC_ARC = YES;
				CLANG_WARN_BOOL_CONVERSION = YES;
				CLANG_WARN_CONSTANT_CONVERSION = YES;
				CLANG_WARN_DIRECT_OBJC_ISA_USAGE = YES_ERROR;
				CLANG_WARN_EMPTY_BODY = YES;
				CLANG_WARN_ENUM_CONVERSION = YES;
				CLANG_WARN_INT_CONVERSION = YES;
				CLANG_WARN_OBJC_ROOT_CLASS = YES_ERROR;
				CLANG_WARN_UNREACHABLE_CODE = YES;
				CLANG_WARN__DUPLICATE_METHOD_MATCH = YES;
				"CODE_SIGN_IDENTITY[sdk=iphoneos*]" = "iPhone Developer";
				COPY_PHASE_STRIP = NO;
				DEBUG_INFORMATION_FORMAT = "dwarf-with-dsym";
				ENABLE_NS_ASSERTIONS = NO;
				ENABLE_STRICT_OBJC_MSGSEND = YES;
				GCC_C_LANGUAGE_STANDARD = gnu99;
				GCC_NO_COMMON_BLOCKS = YES;
				GCC_WARN_64_TO_32_BIT_CONVERSION = YES;
				GCC_WARN_ABOUT_RETURN_TYPE = YES_ERROR;
				GCC_WARN_UNDECLARED_SELECTOR = YES;
				GCC_WARN_UNINITIALIZED_AUTOS = YES_AGGRESSIVE;
				GCC_WARN_UNUSED_FUNCTION = YES;
				GCC_WARN_UNUSED_VARIABLE = YES;
				IPHONEOS_DEPLOYMENT_TARGET = 9.1;
				MTL_ENABLE_DEBUG_INFO = NO;
				SDKROOT = iphoneos;
				VALIDATE_PRODUCT = YES;
			};
			name = Release;
		};
		C0734B901BF5ABED00C39277 /* Debug */ = {
			isa = XCBuildConfiguration;
			baseConfigurationReference = B1D0AA8B919C07C3F60AA8A4 /* Pods-DsDiary.debug.xcconfig */;
			buildSettings = {
				ASSETCATALOG_COMPILER_APPICON_NAME = AppIcon;
				INFOPLIST_FILE = DsDiary/Info.plist;
				LD_RUNPATH_SEARCH_PATHS = "$(inherited) @executable_path/Frameworks";
				PRODUCT_BUNDLE_IDENTIFIER = com.dswey.DsDiary;
				PRODUCT_NAME = "$(TARGET_NAME)";
			};
			name = Debug;
		};
		C0734B911BF5ABED00C39277 /* Release */ = {
			isa = XCBuildConfiguration;
			baseConfigurationReference = 6A285D42BEB89738C0470839 /* Pods-DsDiary.release.xcconfig */;
			buildSettings = {
				ASSETCATALOG_COMPILER_APPICON_NAME = AppIcon;
				INFOPLIST_FILE = DsDiary/Info.plist;
				LD_RUNPATH_SEARCH_PATHS = "$(inherited) @executable_path/Frameworks";
				PRODUCT_BUNDLE_IDENTIFIER = com.dswey.DsDiary;
				PRODUCT_NAME = "$(TARGET_NAME)";
			};
			name = Release;
		};
/* End XCBuildConfiguration section */

/* Begin XCConfigurationList section */
		C0734B751BF5ABED00C39277 /* Build configuration list for PBXProject "DsDiary" */ = {
			isa = XCConfigurationList;
			buildConfigurations = (
				C0734B8D1BF5ABED00C39277 /* Debug */,
				C0734B8E1BF5ABED00C39277 /* Release */,
			);
			defaultConfigurationIsVisible = 0;
			defaultConfigurationName = Release;
		};
		C0734B8F1BF5ABED00C39277 /* Build configuration list for PBXNativeTarget "DsDiary" */ = {
			isa = XCConfigurationList;
			buildConfigurations = (
				C0734B901BF5ABED00C39277 /* Debug */,
				C0734B911BF5ABED00C39277 /* Release */,
			);
			defaultConfigurationIsVisible = 0;
			defaultConfigurationName = Release;
		};
/* End XCConfigurationList section */

/* Begin XCVersionGroup section */
		C0734B841BF5ABED00C39277 /* DsDiary.xcdatamodeld */ = {
			isa = XCVersionGroup;
			children = (
				C0734B851BF5ABED00C39277 /* DsDiary.xcdatamodel */,
			);
			currentVersion = C0734B851BF5ABED00C39277 /* DsDiary.xcdatamodel */;
			path = DsDiary.xcdatamodeld;
			sourceTree = "<group>";
			versionGroupType = wrapper.xcdatamodel;
		};
/* End XCVersionGroup section */
	};
	rootObject = C0734B721BF5ABED00C39277 /* Project object */;
}
